
Microsoft Visual Studio Solution File, Format Version 12.00
# Visual Studio Version 17
VisualStudioVersion = 17.3.32922.545
MinimumVisualStudioVersion = 10.0.40219.1
Project("{9A19103F-16F7-4668-BE54-9A1E7A4F7556}") = "RebateCalculator", "RebateCalculator\RebateCalculator.csproj", "{94BD94E4-E7F7-4617-A367-A885E7866260}"
EndProject
Project("{9A19103F-16F7-4668-BE54-9A1E7A4F7556}") = "RebateCalculator.Specs", "RebateCalculator.Specs\RebateCalculator.Specs.csproj", "{951697F8-F53A-4291-A5C7-2E6B6FE4B20F}"
EndProject
Project("{FAE04EC0-301F-11D3-BF4B-00C04F79EFBC}") = "RebateCalculatorConsole", "RebateCalculatorConsole\RebateCalculatorConsole.csproj", "{D2F417BB-4A5D-45D2-B8DF-47D75C002AFA}"
EndProject
Global
	GlobalSection(SolutionConfigurationPlatforms) = preSolution
		Debug|Any CPU = Debug|Any CPU
		Release|Any CPU = Release|Any CPU
	EndGlobalSection
	GlobalSection(ProjectConfigurationPlatforms) = postSolution
		{94BD94E4-E7F7-4617-A367-A885E7866260}.Debug|Any CPU.ActiveCfg = Debug|Any CPU
		{94BD94E4-E7F7-4617-A367-A885E7866260}.Debug|Any CPU.Build.0 = Debug|Any CPU
		{94BD94E4-E7F7-4617-A367-A885E7866260}.Release|Any CPU.ActiveCfg = Release|Any CPU
		{94BD94E4-E7F7-4617-A367-A885E7866260}.Release|Any CPU.Build.0 = Release|Any CPU
		{951697F8-F53A-4291-A5C7-2E6B6FE4B20F}.Debug|Any CPU.ActiveCfg = Debug|Any CPU
		{951697F8-F53A-4291-A5C7-2E6B6FE4B20F}.Debug|Any CPU.Build.0 = Debug|Any CPU
		{951697F8-F53A-4291-A5C7-2E6B6FE4B20F}.Release|Any CPU.ActiveCfg = Release|Any CPU
		{951697F8-F53A-4291-A5C7-2E6B6FE4B20F}.Release|Any CPU.Build.0 = Release|Any CPU
		{D2F417BB-4A5D-45D2-B8DF-47D75C002AFA}.Debug|Any CPU.ActiveCfg = Debug|Any CPU
		{D2F417BB-4A5D-45D2-B8DF-47D75C002AFA}.Debug|Any CPU.Build.0 = Debug|Any CPU
		{D2F417BB-4A5D-45D2-B8DF-47D75C002AFA}.Release|Any CPU.ActiveCfg = Release|Any CPU
		{D2F417BB-4A5D-45D2-B8DF-47D75C002AFA}.Release|Any CPU.Build.0 = Release|Any CPU
	EndGlobalSection
	GlobalSection(SolutionProperties) = preSolution
		HideSolutionNode = FALSE
	EndGlobalSection
	GlobalSection(ExtensibilityGlobals) = postSolution
		SolutionGuid = {F3DA26D9-6F1A-4B9B-B88A-10B1ED0AFB14}
	EndGlobalSection
EndGlobal
